PODS:
  - Capacitor (5.4.1):
    - CapacitorCordova
  - CapacitorCordova (5.4.1)
  - CapacitorPluginSafeArea (2.0.5):
    - Capacitor

DEPENDENCIES:
  - "Capacitor (from `../../node_modules/@capacitor/ios`)"
  - "CapacitorCordova (from `../../node_modules/@capacitor/ios`)"
  - CapacitorPluginSafeArea (from `../../node_modules/capacitor-plugin-safe-area`)

EXTERNAL SOURCES:
  Capacitor:
    :path: "../../node_modules/@capacitor/ios"
  CapacitorCordova:
    :path: "../../node_modules/@capacitor/ios"
  CapacitorPluginSafeArea:
    :path: "../../node_modules/capacitor-plugin-safe-area"

SPEC CHECKSUMS:
  Capacitor: 4c0681b47eebeba1f902093d24149cf2f518393e
  CapacitorCordova: 1222fdd78bfd0d323cc22bf254eed1484fe6c92a
  CapacitorPluginSafeArea: bfdd714827dbd89fb44fea286beec996e1b0c5c4

PODFILE CHECKSUM: 589be250bfd03cb58f8a8079c5f90a5b133e28e9

COCOAPODS: 1.12.1
